<?xml version="1.0" encoding="utf-8"?>
<Project ToolsVersion="4.0" xmlns="http://schemas.microsoft.com/developer/msbuild/2003">
  <ItemGroup>
    <Filter Include="Source Files">
      <UniqueIdentifier>{4FC737F1-C7A5-4376-A066-2A32D752A2FF}</UniqueIdentifier>
      <Extensions>cpp;c;cc;cxx;c++;cppm;ixx;def;odl;idl;hpj;bat;asm;asmx</Extensions>
    </Filter>
    <Filter Include="Header Files">
      <UniqueIdentifier>{93995380-89BD-4b04-88EB-625FBE52EBFB}</UniqueIdentifier>
      <Extensions>h;hh;hpp;hxx;h++;hm;inl;inc;ipp;xsd</Extensions>
    </Filter>
    <Filter Include="Resource Files">
      <UniqueIdentifier>{67DA6AB6-F800-4c08-8B7A-83BB121AAD01}</UniqueIdentifier>
      <Extensions>rc;ico;cur;bmp;dlg;rc2;rct;bin;rgs;gif;jpg;jpeg;jpe;resx;tiff;tif;png;wav;mfcribbon-ms</Extensions>
    </Filter>
  </ItemGroup>
  <ItemGroup>
    <ClInclude Include="Reloaded.Core\framework.h">
      <Filter>Header Files</Filter>
    </ClInclude>
    <ClInclude Include="Reloaded.Core\pch.h">
      <Filter>Header Files</Filter>
    </ClInclude>
    <ClInclude Include="Reloaded.Core\logger.h">
      <Filter>Header Files</Filter>
    </ClInclude>
    <ClInclude Include="Reloaded.Core\dllmain.h">
      <Filter>Header Files</Filter>
    </ClInclude>
    <ClInclude Include="Reloaded.Core\Engine.h">
      <Filter>Header Files</Filter>
    </ClInclude>
    <ClInclude Include="Reloaded.Core\Config.h">
      <Filter>Header Files</Filter>
    </ClInclude>
    <ClInclude Include="Reloaded.Core\MemoryWriter.h">
      <Filter>Header Files</Filter>
    </ClInclude>
    <ClInclude Include="Reloaded.Core\StringOperations.h">
      <Filter>Header Files</Filter>
    </ClInclude>
    <ClInclude Include="Reloaded.Core\GameConsole.h">
      <Filter>Header Files</Filter>
    </ClInclude>
    <ClInclude Include="Reloaded.Core\Input.h">
      <Filter>Header Files</Filter>
    </ClInclude>
    <ClInclude Include="Reloaded.Core\GameStructs.h">
      <Filter>Header Files</Filter>
    </ClInclude>
    <ClInclude Include="Reloaded.Core\Graphics.h">
      <Filter>Header Files</Filter>
    </ClInclude>
    <ClInclude Include="Reloaded.Core\Networking.h">
      <Filter>Header Files</Filter>
    </ClInclude>
    <ClInclude Include="Reloaded.Core\Debug.h">
      <Filter>Header Files</Filter>
    </ClInclude>
    <ClInclude Include="Reloaded.Core\Fonts.h">
      <Filter>Header Files</Filter>
    </ClInclude>
    <ClInclude Include="Reloaded.Core\UnrealMemory.h">
      <Filter>Header Files</Filter>
    </ClInclude>
  </ItemGroup>
  <ItemGroup>
    <ClCompile Include="Reloaded.Core\dllmain.cpp">
      <Filter>Source Files</Filter>
    </ClCompile>
    <ClCompile Include="Reloaded.Core\pch.cpp">
      <Filter>Source Files</Filter>
    </ClCompile>
    <ClCompile Include="Reloaded.Core\logger.cpp">
      <Filter>Source Files</Filter>
    </ClCompile>
    <ClCompile Include="Reloaded.Core\Engine.cpp">
      <Filter>Source Files</Filter>
    </ClCompile>
    <ClCompile Include="Reloaded.Core\Config.cpp">
      <Filter>Source Files</Filter>
    </ClCompile>
    <ClCompile Include="Reloaded.Core\GameConsole.cpp">
      <Filter>Source Files</Filter>
    </ClCompile>
    <ClCompile Include="Reloaded.Core\Input.cpp">
      <Filter>Source Files</Filter>
    </ClCompile>
    <ClCompile Include="Reloaded.Core\Graphics.cpp">
      <Filter>Source Files</Filter>
    </ClCompile>
    <ClCompile Include="Reloaded.Core\Networking.cpp">
      <Filter>Source Files</Filter>
    </ClCompile>
    <ClCompile Include="Reloaded.Core\Debug.cpp">
      <Filter>Source Files</Filter>
    </ClCompile>
    <ClCompile Include="Reloaded.Core\Fonts.cpp">
      <Filter>Source Files</Filter>
    </ClCompile>
    <ClCompile Include="Reloaded.Core\UnrealMemory.cpp">
      <Filter>Source Files</Filter>
    </ClCompile>
  </ItemGroup>
</Project>